
Microsoft Visual Studio Solution File, Format Version 12.00
# Visual Studio Version 16
VisualStudioVersion = 16.0.31410.357
MinimumVisualStudioVersion = 10.0.40219.1
Project("{FAE04EC0-301F-11D3-BF4B-00C04F79EFBC}") = "WebApplication1", "WebApplication1\WebApplication1.csproj", "{9DC1327B-38F9-46E0-80A3-B876718C9CC5}"
EndProject
Global
	GlobalSection(SolutionConfigurationPlatforms) = preSolution
		Debug|Any CPU = Debug|Any CPU
		Release|Any CPU = Release|Any CPU
	EndGlobalSection
	GlobalSection(ProjectConfigurationPlatforms) = postSolution
		{9DC1327B-38F9-46E0-80A3-B876718C9CC5}.Debug|Any CPU.ActiveCfg = Debug|Any CPU
		{9DC1327B-38F9-46E0-80A3-B876718C9CC5}.Debug|Any CPU.Build.0 = Debug|Any CPU
		{9DC1327B-38F9-46E0-80A3-B876718C9CC5}.Release|Any CPU.ActiveCfg = Release|Any CPU
		{9DC1327B-38F9-46E0-80A3-B876718C9CC5}.Release|Any CPU.Build.0 = Release|Any CPU
	EndGlobalSection
	GlobalSection(SolutionProperties) = preSolution
		HideSolutionNode = FALSE
	EndGlobalSection
	GlobalSection(ExtensibilityGlobals) = postSolution
		SolutionGuid = {8D0AEE0C-C374-4986-9C63-C10CFCA62314}
	EndGlobalSection
EndGlobal
